
Microsoft Visual Studio Solution File, Format Version 12.00
# Visual Studio Version 17
VisualStudioVersion = 17.7.34031.279
MinimumVisualStudioVersion = 10.0.40219.1
Project("{FAE04EC0-301F-11D3-BF4B-00C04F79EFBC}") = "ProyectoDiseñoSistemas", "ProyectoDiseñoSistemas\ProyectoDiseñoSistemas.csproj", "{392DC916-4FF5-4278-A5E7-05AA336ED677}"
EndProject
Global
	GlobalSection(SolutionConfigurationPlatforms) = preSolution
		Debug|Any CPU = Debug|Any CPU
		Release|Any CPU = Release|Any CPU
	EndGlobalSection
	GlobalSection(ProjectConfigurationPlatforms) = postSolution
		{392DC916-4FF5-4278-A5E7-05AA336ED677}.Debug|Any CPU.ActiveCfg = Debug|Any CPU
		{392DC916-4FF5-4278-A5E7-05AA336ED677}.Debug|Any CPU.Build.0 = Debug|Any CPU
		{392DC916-4FF5-4278-A5E7-05AA336ED677}.Release|Any CPU.ActiveCfg = Release|Any CPU
		{392DC916-4FF5-4278-A5E7-05AA336ED677}.Release|Any CPU.Build.0 = Release|Any CPU
	EndGlobalSection
	GlobalSection(SolutionProperties) = preSolution
		HideSolutionNode = FALSE
	EndGlobalSection
	GlobalSection(ExtensibilityGlobals) = postSolution
		SolutionGuid = {F3628DFC-953A-4483-B60E-0D06C7A19FA9}
	EndGlobalSection
EndGlobal
